
Microsoft Visual Studio Solution File, Format Version 12.00
# Visual Studio Version 17
VisualStudioVersion = 17.4.33205.214
MinimumVisualStudioVersion = 10.0.40219.1
Project("{FAE04EC0-301F-11D3-BF4B-00C04F79EFBC}") = "EmployeeBAL", "EmployeeBAL\EmployeeBAL.csproj", "{48245839-34FF-41D9-81CA-0E8D057A37F7}"
EndProject
Project("{FAE04EC0-301F-11D3-BF4B-00C04F79EFBC}") = "EmployeeDAL", "EmployeeDAL\EmployeeDAL.csproj", "{63FAE745-99E2-4F86-80D7-44B4CAE382FD}"
EndProject
Project("{FAE04EC0-301F-11D3-BF4B-00C04F79EFBC}") = "EmployeeData", "EmployeeData\EmployeeData.csproj", "{8C701761-C77F-4070-B46F-5F366F20E365}"
EndProject
Global
	GlobalSection(SolutionConfigurationPlatforms) = preSolution
		Debug|Any CPU = Debug|Any CPU
		Release|Any CPU = Release|Any CPU
	EndGlobalSection
	GlobalSection(ProjectConfigurationPlatforms) = postSolution
		{48245839-34FF-41D9-81CA-0E8D057A37F7}.Debug|Any CPU.ActiveCfg = Debug|Any CPU
		{48245839-34FF-41D9-81CA-0E8D057A37F7}.Debug|Any CPU.Build.0 = Debug|Any CPU
		{48245839-34FF-41D9-81CA-0E8D057A37F7}.Release|Any CPU.ActiveCfg = Release|Any CPU
		{48245839-34FF-41D9-81CA-0E8D057A37F7}.Release|Any CPU.Build.0 = Release|Any CPU
		{63FAE745-99E2-4F86-80D7-44B4CAE382FD}.Debug|Any CPU.ActiveCfg = Debug|Any CPU
		{63FAE745-99E2-4F86-80D7-44B4CAE382FD}.Debug|Any CPU.Build.0 = Debug|Any CPU
		{63FAE745-99E2-4F86-80D7-44B4CAE382FD}.Release|Any CPU.ActiveCfg = Release|Any CPU
		{63FAE745-99E2-4F86-80D7-44B4CAE382FD}.Release|Any CPU.Build.0 = Release|Any CPU
		{8C701761-C77F-4070-B46F-5F366F20E365}.Debug|Any CPU.ActiveCfg = Debug|Any CPU
		{8C701761-C77F-4070-B46F-5F366F20E365}.Debug|Any CPU.Build.0 = Debug|Any CPU
		{8C701761-C77F-4070-B46F-5F366F20E365}.Release|Any CPU.ActiveCfg = Release|Any CPU
		{8C701761-C77F-4070-B46F-5F366F20E365}.Release|Any CPU.Build.0 = Release|Any CPU
	EndGlobalSection
	GlobalSection(SolutionProperties) = preSolution
		HideSolutionNode = FALSE
	EndGlobalSection
	GlobalSection(ExtensibilityGlobals) = postSolution
		SolutionGuid = {E0185C28-07DD-4854-856C-44F7B33FA680}
	EndGlobalSection
EndGlobal
